{
  "version": 4,
  "terraform_version": "1.10.5",
  "serial": 39,
  "lineage": "08672ceb-5f0d-a057-823a-dbb0a8091017",
  "outputs": {},
  "resources": [
    {
      "mode": "managed",
      "type": "azurerm_linux_virtual_machine",
      "name": "vm",
      "provider": "provider[\"registry.terraform.io/hashicorp/azurerm\"]",
      "instances": [
        {
          "schema_version": 0,
          "attributes": {
            "additional_capabilities": [],
            "admin_password": null,
            "admin_ssh_key": [
              {
                "public_key": "ssh-rsa AAAAB3NzaC1yc2EAAAADAQABAAACAQDT3TTniMTMmHfgV3Ryy+1XgmW6zrXB9g9DIxoqV89PGS9l/dk4imdx5U0PEvHfL3JKwk3NcPBgbgomlgYfBcZDC4zykCuY2YE1OgsNlrPQp7B3K2bw9pQgE+yqe1tM3I9J7mPNvNDgxKj4ef27FxSjtKmrUwZ/2V+6GmPcDc5I1vLZn/cUquQUGWaJaMcVmcfv91i1wbmpPEFOQ04PPdRiAfBb/5oAHU/JDPV+MJEu9LFQDH7a4x2POG3iuFlyblYiX2pkyRSBHXGE3hbXyIgiiY7l3bVEe8mZvgFj9MsFM5UO16VtoRz5EGDxufihXw0mvafJGdddBZKWtckOg39PTDUewAy6kFxcjDO5tFABoya5HeV7kyvS4GYzebh2sT5rZYPL61As45z+r6ra+XvQwb/lpTuMXkXRWOdbEBdHJDd5nwbKSUfG9ZRUXfUylZPx+r+O1qr52qZME2XX4pQcI8hg/IGp7mZqB+F6lZFW1VSRuCFhd/tDkPrYhMtUck841/5HlxnCKbqCdm3hPiMA6LYXSPqMLd35KA6xjsG2H1r+TRLqWBiPNvSNqWQysGBZNgWuAOsRmxbaksiwPT2oMAYpNpZqGD71Cx9Vz9Te20qM35iAH3b2isTaGqcBJQj4AcIzUxIMOXmI0qnGvR+ZyXoudJu3MSRB7GMz9Enp5w== 3070@RTX3070\r\n",
                "username": "azureuser"
              }
            ],
            "admin_username": "azureuser",
            "allow_extension_operations": true,
            "availability_set_id": "",
            "boot_diagnostics": [],
            "bypass_platform_safety_checks_on_user_schedule_enabled": false,
            "capacity_reservation_group_id": "",
            "computer_name": "Terraform-VM",
            "custom_data": null,
            "dedicated_host_group_id": "",
            "dedicated_host_id": "",
            "disable_password_authentication": true,
            "disk_controller_type": "",
            "edge_zone": "",
            "encryption_at_host_enabled": false,
            "eviction_policy": "",
            "extensions_time_budget": "PT1H30M",
            "gallery_application": [],
            "id": "/subscriptions/57a2c3fe-d94d-4fff-aa04-2aa96318bbf7/resourceGroups/Terraform-RG/providers/Microsoft.Compute/virtualMachines/Terraform-VM",
            "identity": [],
            "license_type": "",
            "location": "eastus",
            "max_bid_price": -1,
            "name": "Terraform-VM",
            "network_interface_ids": [
              "/subscriptions/57a2c3fe-d94d-4fff-aa04-2aa96318bbf7/resourceGroups/Terraform-RG/providers/Microsoft.Network/networkInterfaces/VM-NIC"
            ],
            "os_disk": [
              {
                "caching": "ReadWrite",
                "diff_disk_settings": [],
                "disk_encryption_set_id": "",
                "disk_size_gb": 30,
                "name": "Terraform-VM_OsDisk_1_be008fdf176e4e9b97e174e9380a128b",
                "secure_vm_disk_encryption_set_id": "",
                "security_encryption_type": "",
                "storage_account_type": "Standard_LRS",
                "write_accelerator_enabled": false
              }
            ],
            "os_image_notification": [],
            "patch_assessment_mode": "ImageDefault",
            "patch_mode": "ImageDefault",
            "plan": [],
            "platform_fault_domain": -1,
            "priority": "Regular",
            "private_ip_address": "10.0.1.4",
            "private_ip_addresses": [
              "10.0.1.4"
            ],
            "provision_vm_agent": true,
            "proximity_placement_group_id": "",
            "public_ip_address": "172.191.138.36",
            "public_ip_addresses": [
              "172.191.138.36"
            ],
            "reboot_setting": "",
            "resource_group_name": "Terraform-RG",
            "secret": [],
            "secure_boot_enabled": false,
            "size": "Standard_B1s",
            "source_image_id": "",
            "source_image_reference": [
              {
                "offer": "UbuntuServer",
                "publisher": "Canonical",
                "sku": "18.04-LTS",
                "version": "latest"
              }
            ],
            "tags": {},
            "termination_notification": [],
            "timeouts": null,
            "user_data": "",
            "virtual_machine_id": "efedef5b-a42a-4006-887a-6ea7b1adf9b7",
            "virtual_machine_scale_set_id": "",
            "vm_agent_platform_updates_enabled": false,
            "vtpm_enabled": false,
            "zone": ""
          },
          "sensitive_attributes": [
            [
              {
                "type": "get_attr",
                "value": "custom_data"
              }
            ],
            [
              {
                "type": "get_attr",
                "value": "admin_password"
              }
            ]
          ],
          "private": "eyJlMmJmYjczMC1lY2FhLTExZTYtOGY4OC0zNDM2M2JjN2M0YzAiOnsiY3JlYXRlIjoyNzAwMDAwMDAwMDAwLCJkZWxldGUiOjI3MDAwMDAwMDAwMDAsInJlYWQiOjMwMDAwMDAwMDAwMCwidXBkYXRlIjoyNzAwMDAwMDAwMDAwfX0=",
          "dependencies": [
            "azurerm_network_interface.vm_nic",
            "azurerm_public_ip.vm_public_ip",
            "azurerm_resource_group.rg",
            "azurerm_subnet.vm_subnet",
            "azurerm_virtual_network.vnet"
          ]
        }
      ]
    },
    {
      "mode": "managed",
      "type": "azurerm_log_analytics_workspace",
      "name": "log_workspace",
      "provider": "provider[\"registry.terraform.io/hashicorp/azurerm\"]",
      "instances": [
        {
          "schema_version": 3,
          "attributes": {
            "allow_resource_only_permissions": true,
            "cmk_for_query_forced": false,
            "daily_quota_gb": -1,
            "data_collection_rule_id": "",
            "id": "/subscriptions/57a2c3fe-d94d-4fff-aa04-2aa96318bbf7/resourceGroups/Terraform-RG/providers/Microsoft.OperationalInsights/workspaces/Terraform-LogAnalytics",
            "identity": [],
            "immediate_data_purge_on_30_days_enabled": false,
            "internet_ingestion_enabled": true,
            "internet_query_enabled": true,
            "local_authentication_disabled": false,
            "location": "eastus",
            "name": "Terraform-LogAnalytics",
            "primary_shared_key": "lCQICAIpfLQcJIl8GvpJVYQ+0QXmR0VIJswpesnS49sfFFkrks5tl3ZzUD+flo14H6NCUL/Kt4pmTyuewZ57Rg==",
            "reservation_capacity_in_gb_per_day": null,
            "resource_group_name": "Terraform-RG",
            "retention_in_days": 30,
            "secondary_shared_key": "1nny5JCxpWBUCRZFo6by68p91Gp6kJFH+FDJX64vfojSn/rynXOf48Ge94Zcm02wfG78ptRgmrHfbbj7sdno6w==",
            "sku": "PerGB2018",
            "tags": {},
            "timeouts": null,
            "workspace_id": "4b79fddd-4919-4664-89ea-331441033397"
          },
          "sensitive_attributes": [
            [
              {
                "type": "get_attr",
                "value": "primary_shared_key"
              }
            ],
            [
              {
                "type": "get_attr",
                "value": "secondary_shared_key"
              }
            ]
          ],
          "private": "eyJlMmJmYjczMC1lY2FhLTExZTYtOGY4OC0zNDM2M2JjN2M0YzAiOnsiY3JlYXRlIjoxODAwMDAwMDAwMDAwLCJkZWxldGUiOjE4MDAwMDAwMDAwMDAsInJlYWQiOjMwMDAwMDAwMDAwMCwidXBkYXRlIjoxODAwMDAwMDAwMDAwfSwic2NoZW1hX3ZlcnNpb24iOiIzIn0=",
          "dependencies": [
            "azurerm_resource_group.rg"
          ]
        }
      ]
    },
    {
      "mode": "managed",
      "type": "azurerm_monitor_diagnostic_setting",
      "name": "vm_diagnostics",
      "provider": "provider[\"registry.terraform.io/hashicorp/azurerm\"]",
      "instances": [
        {
          "schema_version": 0,
          "attributes": {
            "enabled_log": [],
            "eventhub_authorization_rule_id": "",
            "eventhub_name": "",
            "id": "/subscriptions/57a2c3fe-d94d-4fff-aa04-2aa96318bbf7/resourceGroups/Terraform-RG/providers/Microsoft.Compute/virtualMachines/Terraform-VM|VM-Monitoring",
            "log": [],
            "log_analytics_destination_type": "",
            "log_analytics_workspace_id": "/subscriptions/57a2c3fe-d94d-4fff-aa04-2aa96318bbf7/resourceGroups/Terraform-RG/providers/Microsoft.OperationalInsights/workspaces/Terraform-LogAnalytics",
            "metric": [
              {
                "category": "AllMetrics",
                "enabled": true,
                "retention_policy": [
                  {
                    "days": 0,
                    "enabled": false
                  }
                ]
              }
            ],
            "name": "VM-Monitoring",
            "partner_solution_id": null,
            "storage_account_id": null,
            "target_resource_id": "/subscriptions/57a2c3fe-d94d-4fff-aa04-2aa96318bbf7/resourceGroups/Terraform-RG/providers/Microsoft.Compute/virtualMachines/Terraform-VM",
            "timeouts": null
          },
          "sensitive_attributes": [],
          "private": "eyJlMmJmYjczMC1lY2FhLTExZTYtOGY4OC0zNDM2M2JjN2M0YzAiOnsiY3JlYXRlIjoxODAwMDAwMDAwMDAwLCJkZWxldGUiOjM2MDAwMDAwMDAwMDAsInJlYWQiOjMwMDAwMDAwMDAwMCwidXBkYXRlIjoxODAwMDAwMDAwMDAwfX0=",
          "dependencies": [
            "azurerm_linux_virtual_machine.vm",
            "azurerm_log_analytics_workspace.log_workspace",
            "azurerm_network_interface.vm_nic",
            "azurerm_public_ip.vm_public_ip",
            "azurerm_resource_group.rg",
            "azurerm_subnet.vm_subnet",
            "azurerm_virtual_network.vnet"
          ]
        }
      ]
    },
    {
      "mode": "managed",
      "type": "azurerm_mssql_database",
      "name": "sql_database",
      "provider": "provider[\"registry.terraform.io/hashicorp/azurerm\"]",
      "instances": [
        {
          "schema_version": 1,
          "attributes": {
            "auto_pause_delay_in_minutes": 0,
            "collation": "SQL_Latin1_General_CP1_CI_AS",
            "create_mode": "Default",
            "creation_source_database_id": null,
            "elastic_pool_id": "",
            "enclave_type": "",
            "geo_backup_enabled": true,
            "id": "/subscriptions/57a2c3fe-d94d-4fff-aa04-2aa96318bbf7/resourceGroups/Terraform-RG/providers/Microsoft.Sql/servers/terraform-sql-server-g4moxe/databases/terraform-sqldb",
            "identity": [],
            "import": [],
            "ledger_enabled": false,
            "license_type": "",
            "long_term_retention_policy": [
              {
                "immutable_backups_enabled": false,
                "monthly_retention": "PT0S",
                "week_of_year": 1,
                "weekly_retention": "PT0S",
                "yearly_retention": "PT0S"
              }
            ],
            "maintenance_configuration_name": "SQL_Default",
            "max_size_gb": 2,
            "min_capacity": 0,
            "name": "terraform-sqldb",
            "read_replica_count": 0,
            "read_scale": false,
            "recover_database_id": null,
            "recovery_point_id": null,
            "restore_dropped_database_id": null,
            "restore_long_term_retention_backup_id": null,
            "restore_point_in_time": null,
            "sample_name": null,
            "secondary_type": "",
            "server_id": "/subscriptions/57a2c3fe-d94d-4fff-aa04-2aa96318bbf7/resourceGroups/Terraform-RG/providers/Microsoft.Sql/servers/terraform-sql-server-g4moxe",
            "short_term_retention_policy": [
              {
                "backup_interval_in_hours": 24,
                "retention_days": 7
              }
            ],
            "sku_name": "Basic",
            "storage_account_type": "Geo",
            "tags": null,
            "threat_detection_policy": [
              {
                "disabled_alerts": [],
                "email_account_admins": "Disabled",
                "email_addresses": [],
                "retention_days": 0,
                "state": "Disabled",
                "storage_account_access_key": "",
                "storage_endpoint": ""
              }
            ],
            "timeouts": null,
            "transparent_data_encryption_enabled": true,
            "transparent_data_encryption_key_automatic_rotation_enabled": false,
            "transparent_data_encryption_key_vault_key_id": "",
            "zone_redundant": false
          },
          "sensitive_attributes": [
            [
              {
                "type": "get_attr",
                "value": "threat_detection_policy"
              },
              {
                "type": "index",
                "value": {
                  "value": 0,
                  "type": "number"
                }
              },
              {
                "type": "get_attr",
                "value": "storage_account_access_key"
              }
            ]
          ],
          "private": "eyJlMmJmYjczMC1lY2FhLTExZTYtOGY4OC0zNDM2M2JjN2M0YzAiOnsiY3JlYXRlIjozNjAwMDAwMDAwMDAwLCJkZWxldGUiOjM2MDAwMDAwMDAwMDAsInJlYWQiOjMwMDAwMDAwMDAwMCwidXBkYXRlIjozNjAwMDAwMDAwMDAwfSwic2NoZW1hX3ZlcnNpb24iOiIxIn0=",
          "dependencies": [
            "azurerm_mssql_server.sql_server",
            "azurerm_resource_group.rg",
            "random_string.suffix"
          ]
        }
      ]
    },
    {
      "mode": "managed",
      "type": "azurerm_mssql_server",
      "name": "sql_server",
      "provider": "provider[\"registry.terraform.io/hashicorp/azurerm\"]",
      "instances": [
        {
          "schema_version": 0,
          "attributes": {
            "administrator_login": "adminuser",
            "administrator_login_password": "YourStrongPassword123!",
            "azuread_administrator": [],
            "connection_policy": "Default",
            "fully_qualified_domain_name": "terraform-sql-server-g4moxe.database.windows.net",
            "id": "/subscriptions/57a2c3fe-d94d-4fff-aa04-2aa96318bbf7/resourceGroups/Terraform-RG/providers/Microsoft.Sql/servers/terraform-sql-server-g4moxe",
            "identity": [],
            "location": "eastus",
            "minimum_tls_version": "1.2",
            "name": "terraform-sql-server-g4moxe",
            "outbound_network_restriction_enabled": false,
            "primary_user_assigned_identity_id": "",
            "public_network_access_enabled": true,
            "resource_group_name": "Terraform-RG",
            "restorable_dropped_database_ids": [],
            "tags": null,
            "timeouts": null,
            "transparent_data_encryption_key_vault_key_id": "",
            "version": "12.0"
          },
          "sensitive_attributes": [
            [
              {
                "type": "get_attr",
                "value": "administrator_login_password"
              }
            ]
          ],
          "private": "eyJlMmJmYjczMC1lY2FhLTExZTYtOGY4OC0zNDM2M2JjN2M0YzAiOnsiY3JlYXRlIjozNjAwMDAwMDAwMDAwLCJkZWxldGUiOjM2MDAwMDAwMDAwMDAsInJlYWQiOjMwMDAwMDAwMDAwMCwidXBkYXRlIjozNjAwMDAwMDAwMDAwfX0=",
          "dependencies": [
            "azurerm_resource_group.rg",
            "random_string.suffix"
          ]
        }
      ]
    },
    {
      "mode": "managed",
      "type": "azurerm_network_interface",
      "name": "vm_nic",
      "provider": "provider[\"registry.terraform.io/hashicorp/azurerm\"]",
      "instances": [
        {
          "schema_version": 0,
          "attributes": {
            "accelerated_networking_enabled": false,
            "applied_dns_servers": [],
            "auxiliary_mode": "",
            "auxiliary_sku": "",
            "dns_servers": [],
            "edge_zone": "",
            "enable_accelerated_networking": false,
            "enable_ip_forwarding": false,
            "id": "/subscriptions/57a2c3fe-d94d-4fff-aa04-2aa96318bbf7/resourceGroups/Terraform-RG/providers/Microsoft.Network/networkInterfaces/VM-NIC",
            "internal_dns_name_label": "",
            "internal_domain_name_suffix": "1mh0m2hd3ieu3clsbfeigv3bce.bx.internal.cloudapp.net",
            "ip_configuration": [
              {
                "gateway_load_balancer_frontend_ip_configuration_id": "",
                "name": "VM-IPConfig",
                "primary": true,
                "private_ip_address": "10.0.1.4",
                "private_ip_address_allocation": "Dynamic",
                "private_ip_address_version": "IPv4",
                "public_ip_address_id": "/subscriptions/57a2c3fe-d94d-4fff-aa04-2aa96318bbf7/resourceGroups/Terraform-RG/providers/Microsoft.Network/publicIPAddresses/VM-PublicIP",
                "subnet_id": "/subscriptions/57a2c3fe-d94d-4fff-aa04-2aa96318bbf7/resourceGroups/Terraform-RG/providers/Microsoft.Network/virtualNetworks/Terraform-VNet/subnets/VM-Subnet"
              }
            ],
            "ip_forwarding_enabled": false,
            "location": "eastus",
            "mac_address": "7C-1E-52-02-04-18",
            "name": "VM-NIC",
            "private_ip_address": "10.0.1.4",
            "private_ip_addresses": [
              "10.0.1.4"
            ],
            "resource_group_name": "Terraform-RG",
            "tags": {},
            "timeouts": null,
            "virtual_machine_id": "/subscriptions/57a2c3fe-d94d-4fff-aa04-2aa96318bbf7/resourceGroups/Terraform-RG/providers/Microsoft.Compute/virtualMachines/Terraform-VM"
          },
          "sensitive_attributes": [],
          "private": "eyJlMmJmYjczMC1lY2FhLTExZTYtOGY4OC0zNDM2M2JjN2M0YzAiOnsiY3JlYXRlIjoxODAwMDAwMDAwMDAwLCJkZWxldGUiOjE4MDAwMDAwMDAwMDAsInJlYWQiOjMwMDAwMDAwMDAwMCwidXBkYXRlIjoxODAwMDAwMDAwMDAwfX0=",
          "dependencies": [
            "azurerm_public_ip.vm_public_ip",
            "azurerm_resource_group.rg",
            "azurerm_subnet.vm_subnet",
            "azurerm_virtual_network.vnet"
          ]
        }
      ]
    },
    {
      "mode": "managed",
      "type": "azurerm_network_security_group",
      "name": "db_nsg",
      "provider": "provider[\"registry.terraform.io/hashicorp/azurerm\"]",
      "instances": [
        {
          "schema_version": 0,
          "attributes": {
            "id": "/subscriptions/57a2c3fe-d94d-4fff-aa04-2aa96318bbf7/resourceGroups/Terraform-RG/providers/Microsoft.Network/networkSecurityGroups/DB-NSG",
            "location": "eastus",
            "name": "DB-NSG",
            "resource_group_name": "Terraform-RG",
            "security_rule": [],
            "tags": {},
            "timeouts": null
          },
          "sensitive_attributes": [],
          "private": "eyJlMmJmYjczMC1lY2FhLTExZTYtOGY4OC0zNDM2M2JjN2M0YzAiOnsiY3JlYXRlIjoxODAwMDAwMDAwMDAwLCJkZWxldGUiOjE4MDAwMDAwMDAwMDAsInJlYWQiOjMwMDAwMDAwMDAwMCwidXBkYXRlIjoxODAwMDAwMDAwMDAwfX0=",
          "dependencies": [
            "azurerm_resource_group.rg"
          ]
        }
      ]
    },
    {
      "mode": "managed",
      "type": "azurerm_network_security_group",
      "name": "vm_nsg",
      "provider": "provider[\"registry.terraform.io/hashicorp/azurerm\"]",
      "instances": [
        {
          "schema_version": 0,
          "attributes": {
            "id": "/subscriptions/57a2c3fe-d94d-4fff-aa04-2aa96318bbf7/resourceGroups/Terraform-RG/providers/Microsoft.Network/networkSecurityGroups/VM-NSG",
            "location": "eastus",
            "name": "VM-NSG",
            "resource_group_name": "Terraform-RG",
            "security_rule": [
              {
                "access": "Allow",
                "description": "",
                "destination_address_prefix": "*",
                "destination_address_prefixes": [],
                "destination_application_security_group_ids": [],
                "destination_port_range": "22",
                "destination_port_ranges": [],
                "direction": "Inbound",
                "name": "Allow-SSH",
                "priority": 100,
                "protocol": "Tcp",
                "source_address_prefix": "*",
                "source_address_prefixes": [],
                "source_application_security_group_ids": [],
                "source_port_range": "*",
                "source_port_ranges": []
              },
              {
                "access": "Allow",
                "description": "",
                "destination_address_prefix": "*",
                "destination_address_prefixes": [],
                "destination_application_security_group_ids": [],
                "destination_port_range": "80",
                "destination_port_ranges": [],
                "direction": "Inbound",
                "name": "Allow-HTTP",
                "priority": 110,
                "protocol": "Tcp",
                "source_address_prefix": "*",
                "source_address_prefixes": [],
                "source_application_security_group_ids": [],
                "source_port_range": "*",
                "source_port_ranges": []
              }
            ],
            "tags": {},
            "timeouts": null
          },
          "sensitive_attributes": [],
          "private": "eyJlMmJmYjczMC1lY2FhLTExZTYtOGY4OC0zNDM2M2JjN2M0YzAiOnsiY3JlYXRlIjoxODAwMDAwMDAwMDAwLCJkZWxldGUiOjE4MDAwMDAwMDAwMDAsInJlYWQiOjMwMDAwMDAwMDAwMCwidXBkYXRlIjoxODAwMDAwMDAwMDAwfX0=",
          "dependencies": [
            "azurerm_resource_group.rg"
          ]
        }
      ]
    },
    {
      "mode": "managed",
      "type": "azurerm_network_security_rule",
      "name": "allow_http",
      "provider": "provider[\"registry.terraform.io/hashicorp/azurerm\"]",
      "instances": [
        {
          "schema_version": 0,
          "attributes": {
            "access": "Allow",
            "description": "",
            "destination_address_prefix": "*",
            "destination_address_prefixes": [],
            "destination_application_security_group_ids": [],
            "destination_port_range": "80",
            "destination_port_ranges": [],
            "direction": "Inbound",
            "id": "/subscriptions/57a2c3fe-d94d-4fff-aa04-2aa96318bbf7/resourceGroups/Terraform-RG/providers/Microsoft.Network/networkSecurityGroups/VM-NSG/securityRules/Allow-HTTP",
            "name": "Allow-HTTP",
            "network_security_group_name": "VM-NSG",
            "priority": 110,
            "protocol": "Tcp",
            "resource_group_name": "Terraform-RG",
            "source_address_prefix": "*",
            "source_address_prefixes": [],
            "source_application_security_group_ids": [],
            "source_port_range": "*",
            "source_port_ranges": [],
            "timeouts": null
          },
          "sensitive_attributes": [],
          "private": "eyJlMmJmYjczMC1lY2FhLTExZTYtOGY4OC0zNDM2M2JjN2M0YzAiOnsiY3JlYXRlIjoxODAwMDAwMDAwMDAwLCJkZWxldGUiOjE4MDAwMDAwMDAwMDAsInJlYWQiOjMwMDAwMDAwMDAwMCwidXBkYXRlIjoxODAwMDAwMDAwMDAwfX0=",
          "dependencies": [
            "azurerm_network_security_group.vm_nsg",
            "azurerm_resource_group.rg"
          ]
        }
      ]
    },
    {
      "mode": "managed",
      "type": "azurerm_network_security_rule",
      "name": "allow_ssh",
      "provider": "provider[\"registry.terraform.io/hashicorp/azurerm\"]",
      "instances": [
        {
          "schema_version": 0,
          "attributes": {
            "access": "Allow",
            "description": "",
            "destination_address_prefix": "*",
            "destination_address_prefixes": [],
            "destination_application_security_group_ids": [],
            "destination_port_range": "22",
            "destination_port_ranges": [],
            "direction": "Inbound",
            "id": "/subscriptions/57a2c3fe-d94d-4fff-aa04-2aa96318bbf7/resourceGroups/Terraform-RG/providers/Microsoft.Network/networkSecurityGroups/VM-NSG/securityRules/Allow-SSH",
            "name": "Allow-SSH",
            "network_security_group_name": "VM-NSG",
            "priority": 100,
            "protocol": "Tcp",
            "resource_group_name": "Terraform-RG",
            "source_address_prefix": "*",
            "source_address_prefixes": [],
            "source_application_security_group_ids": [],
            "source_port_range": "*",
            "source_port_ranges": [],
            "timeouts": null
          },
          "sensitive_attributes": [],
          "private": "eyJlMmJmYjczMC1lY2FhLTExZTYtOGY4OC0zNDM2M2JjN2M0YzAiOnsiY3JlYXRlIjoxODAwMDAwMDAwMDAwLCJkZWxldGUiOjE4MDAwMDAwMDAwMDAsInJlYWQiOjMwMDAwMDAwMDAwMCwidXBkYXRlIjoxODAwMDAwMDAwMDAwfX0=",
          "dependencies": [
            "azurerm_network_security_group.vm_nsg",
            "azurerm_resource_group.rg"
          ]
        }
      ]
    },
    {
      "mode": "managed",
      "type": "azurerm_private_endpoint",
      "name": "sql_private_endpoint",
      "provider": "provider[\"registry.terraform.io/hashicorp/azurerm\"]",
      "instances": [
        {
          "schema_version": 0,
          "attributes": {
            "custom_dns_configs": [
              {
                "fqdn": "terraform-sql-server-g4moxe.database.windows.net",
                "ip_addresses": [
                  "10.0.2.4"
                ]
              }
            ],
            "custom_network_interface_name": "",
            "id": "/subscriptions/57a2c3fe-d94d-4fff-aa04-2aa96318bbf7/resourceGroups/Terraform-RG/providers/Microsoft.Network/privateEndpoints/terraform-sql-private-endpoint",
            "ip_configuration": [],
            "location": "eastus",
            "name": "terraform-sql-private-endpoint",
            "network_interface": [
              {
                "id": "/subscriptions/57a2c3fe-d94d-4fff-aa04-2aa96318bbf7/resourceGroups/Terraform-RG/providers/Microsoft.Network/networkInterfaces/terraform-sql-private-endpoint.nic.ab37404d-cb92-49ea-8339-af51c681fb52",
                "name": "terraform-sql-private-endpoint.nic.ab37404d-cb92-49ea-8339-af51c681fb52"
              }
            ],
            "private_dns_zone_configs": [],
            "private_dns_zone_group": [],
            "private_service_connection": [
              {
                "is_manual_connection": false,
                "name": "sql-private-connection",
                "private_connection_resource_alias": "",
                "private_connection_resource_id": "/subscriptions/57a2c3fe-d94d-4fff-aa04-2aa96318bbf7/resourceGroups/Terraform-RG/providers/Microsoft.Sql/servers/terraform-sql-server-g4moxe",
                "private_ip_address": "10.0.2.4",
                "request_message": "",
                "subresource_names": [
                  "sqlServer"
                ]
              }
            ],
            "resource_group_name": "Terraform-RG",
            "subnet_id": "/subscriptions/57a2c3fe-d94d-4fff-aa04-2aa96318bbf7/resourceGroups/Terraform-RG/providers/Microsoft.Network/virtualNetworks/Terraform-VNet/subnets/DB-Subnet",
            "tags": null,
            "timeouts": null
          },
          "sensitive_attributes": [],
          "private": "eyJlMmJmYjczMC1lY2FhLTExZTYtOGY4OC0zNDM2M2JjN2M0YzAiOnsiY3JlYXRlIjozNjAwMDAwMDAwMDAwLCJkZWxldGUiOjM2MDAwMDAwMDAwMDAsInJlYWQiOjMwMDAwMDAwMDAwMCwidXBkYXRlIjozNjAwMDAwMDAwMDAwfX0=",
          "dependencies": [
            "azurerm_mssql_server.sql_server",
            "azurerm_resource_group.rg",
            "azurerm_subnet.db_subnet",
            "azurerm_virtual_network.vnet",
            "random_string.suffix"
          ]
        }
      ]
    },
    {
      "mode": "managed",
      "type": "azurerm_public_ip",
      "name": "vm_public_ip",
      "provider": "provider[\"registry.terraform.io/hashicorp/azurerm\"]",
      "instances": [
        {
          "schema_version": 0,
          "attributes": {
            "allocation_method": "Dynamic",
            "ddos_protection_mode": "VirtualNetworkInherited",
            "ddos_protection_plan_id": null,
            "domain_name_label": null,
            "edge_zone": "",
            "fqdn": null,
            "id": "/subscriptions/57a2c3fe-d94d-4fff-aa04-2aa96318bbf7/resourceGroups/Terraform-RG/providers/Microsoft.Network/publicIPAddresses/VM-PublicIP",
            "idle_timeout_in_minutes": 4,
            "ip_address": "172.191.138.36",
            "ip_tags": {},
            "ip_version": "IPv4",
            "location": "eastus",
            "name": "VM-PublicIP",
            "public_ip_prefix_id": null,
            "resource_group_name": "Terraform-RG",
            "reverse_fqdn": null,
            "sku": "Basic",
            "sku_tier": "Regional",
            "tags": {},
            "timeouts": null,
            "zones": []
          },
          "sensitive_attributes": [],
          "private": "eyJlMmJmYjczMC1lY2FhLTExZTYtOGY4OC0zNDM2M2JjN2M0YzAiOnsiY3JlYXRlIjoxODAwMDAwMDAwMDAwLCJkZWxldGUiOjE4MDAwMDAwMDAwMDAsInJlYWQiOjMwMDAwMDAwMDAwMCwidXBkYXRlIjoxODAwMDAwMDAwMDAwfX0=",
          "dependencies": [
            "azurerm_resource_group.rg"
          ]
        }
      ]
    },
    {
      "mode": "managed",
      "type": "azurerm_resource_group",
      "name": "rg",
      "provider": "provider[\"registry.terraform.io/hashicorp/azurerm\"]",
      "instances": [
        {
          "schema_version": 0,
          "attributes": {
            "id": "/subscriptions/57a2c3fe-d94d-4fff-aa04-2aa96318bbf7/resourceGroups/Terraform-RG",
            "location": "eastus",
            "managed_by": "",
            "name": "Terraform-RG",
            "tags": {},
            "timeouts": null
          },
          "sensitive_attributes": [],
          "private": "eyJlMmJmYjczMC1lY2FhLTExZTYtOGY4OC0zNDM2M2JjN2M0YzAiOnsiY3JlYXRlIjo1NDAwMDAwMDAwMDAwLCJkZWxldGUiOjU0MDAwMDAwMDAwMDAsInJlYWQiOjMwMDAwMDAwMDAwMCwidXBkYXRlIjo1NDAwMDAwMDAwMDAwfX0="
        }
      ]
    },
    {
      "mode": "managed",
      "type": "azurerm_subnet",
      "name": "db_subnet",
      "provider": "provider[\"registry.terraform.io/hashicorp/azurerm\"]",
      "instances": [
        {
          "schema_version": 0,
          "attributes": {
            "address_prefixes": [
              "10.0.2.0/24"
            ],
            "default_outbound_access_enabled": true,
            "delegation": [],
            "enforce_private_link_endpoint_network_policies": false,
            "enforce_private_link_service_network_policies": false,
            "id": "/subscriptions/57a2c3fe-d94d-4fff-aa04-2aa96318bbf7/resourceGroups/Terraform-RG/providers/Microsoft.Network/virtualNetworks/Terraform-VNet/subnets/DB-Subnet",
            "name": "DB-Subnet",
            "private_endpoint_network_policies": "Enabled",
            "private_endpoint_network_policies_enabled": true,
            "private_link_service_network_policies_enabled": true,
            "resource_group_name": "Terraform-RG",
            "service_endpoint_policy_ids": [],
            "service_endpoints": [],
            "timeouts": null,
            "virtual_network_name": "Terraform-VNet"
          },
          "sensitive_attributes": [],
          "private": "eyJlMmJmYjczMC1lY2FhLTExZTYtOGY4OC0zNDM2M2JjN2M0YzAiOnsiY3JlYXRlIjoxODAwMDAwMDAwMDAwLCJkZWxldGUiOjE4MDAwMDAwMDAwMDAsInJlYWQiOjMwMDAwMDAwMDAwMCwidXBkYXRlIjoxODAwMDAwMDAwMDAwfX0=",
          "dependencies": [
            "azurerm_resource_group.rg",
            "azurerm_virtual_network.vnet"
          ]
        }
      ]
    },
    {
      "mode": "managed",
      "type": "azurerm_subnet",
      "name": "vm_subnet",
      "provider": "provider[\"registry.terraform.io/hashicorp/azurerm\"]",
      "instances": [
        {
          "schema_version": 0,
          "attributes": {
            "address_prefixes": [
              "10.0.1.0/24"
            ],
            "default_outbound_access_enabled": true,
            "delegation": [],
            "enforce_private_link_endpoint_network_policies": false,
            "enforce_private_link_service_network_policies": false,
            "id": "/subscriptions/57a2c3fe-d94d-4fff-aa04-2aa96318bbf7/resourceGroups/Terraform-RG/providers/Microsoft.Network/virtualNetworks/Terraform-VNet/subnets/VM-Subnet",
            "name": "VM-Subnet",
            "private_endpoint_network_policies": "Enabled",
            "private_endpoint_network_policies_enabled": true,
            "private_link_service_network_policies_enabled": true,
            "resource_group_name": "Terraform-RG",
            "service_endpoint_policy_ids": [],
            "service_endpoints": [],
            "timeouts": null,
            "virtual_network_name": "Terraform-VNet"
          },
          "sensitive_attributes": [],
          "private": "eyJlMmJmYjczMC1lY2FhLTExZTYtOGY4OC0zNDM2M2JjN2M0YzAiOnsiY3JlYXRlIjoxODAwMDAwMDAwMDAwLCJkZWxldGUiOjE4MDAwMDAwMDAwMDAsInJlYWQiOjMwMDAwMDAwMDAwMCwidXBkYXRlIjoxODAwMDAwMDAwMDAwfX0=",
          "dependencies": [
            "azurerm_resource_group.rg",
            "azurerm_virtual_network.vnet"
          ]
        }
      ]
    },
    {
      "mode": "managed",
      "type": "azurerm_subnet_network_security_group_association",
      "name": "db_nsg_assoc",
      "provider": "provider[\"registry.terraform.io/hashicorp/azurerm\"]",
      "instances": [
        {
          "schema_version": 0,
          "attributes": {
            "id": "/subscriptions/57a2c3fe-d94d-4fff-aa04-2aa96318bbf7/resourceGroups/Terraform-RG/providers/Microsoft.Network/virtualNetworks/Terraform-VNet/subnets/DB-Subnet",
            "network_security_group_id": "/subscriptions/57a2c3fe-d94d-4fff-aa04-2aa96318bbf7/resourceGroups/Terraform-RG/providers/Microsoft.Network/networkSecurityGroups/DB-NSG",
            "subnet_id": "/subscriptions/57a2c3fe-d94d-4fff-aa04-2aa96318bbf7/resourceGroups/Terraform-RG/providers/Microsoft.Network/virtualNetworks/Terraform-VNet/subnets/DB-Subnet",
            "timeouts": null
          },
          "sensitive_attributes": [],
          "private": "eyJlMmJmYjczMC1lY2FhLTExZTYtOGY4OC0zNDM2M2JjN2M0YzAiOnsiY3JlYXRlIjoxODAwMDAwMDAwMDAwLCJkZWxldGUiOjE4MDAwMDAwMDAwMDAsInJlYWQiOjMwMDAwMDAwMDAwMH19",
          "dependencies": [
            "azurerm_network_security_group.db_nsg",
            "azurerm_resource_group.rg",
            "azurerm_subnet.db_subnet",
            "azurerm_virtual_network.vnet"
          ]
        }
      ]
    },
    {
      "mode": "managed",
      "type": "azurerm_subnet_network_security_group_association",
      "name": "vm_nsg_assoc",
      "provider": "provider[\"registry.terraform.io/hashicorp/azurerm\"]",
      "instances": [
        {
          "schema_version": 0,
          "attributes": {
            "id": "/subscriptions/57a2c3fe-d94d-4fff-aa04-2aa96318bbf7/resourceGroups/Terraform-RG/providers/Microsoft.Network/virtualNetworks/Terraform-VNet/subnets/VM-Subnet",
            "network_security_group_id": "/subscriptions/57a2c3fe-d94d-4fff-aa04-2aa96318bbf7/resourceGroups/Terraform-RG/providers/Microsoft.Network/networkSecurityGroups/VM-NSG",
            "subnet_id": "/subscriptions/57a2c3fe-d94d-4fff-aa04-2aa96318bbf7/resourceGroups/Terraform-RG/providers/Microsoft.Network/virtualNetworks/Terraform-VNet/subnets/VM-Subnet",
            "timeouts": null
          },
          "sensitive_attributes": [],
          "private": "eyJlMmJmYjczMC1lY2FhLTExZTYtOGY4OC0zNDM2M2JjN2M0YzAiOnsiY3JlYXRlIjoxODAwMDAwMDAwMDAwLCJkZWxldGUiOjE4MDAwMDAwMDAwMDAsInJlYWQiOjMwMDAwMDAwMDAwMH19",
          "dependencies": [
            "azurerm_network_security_group.vm_nsg",
            "azurerm_resource_group.rg",
            "azurerm_subnet.vm_subnet",
            "azurerm_virtual_network.vnet"
          ]
        }
      ]
    },
    {
      "mode": "managed",
      "type": "azurerm_virtual_network",
      "name": "vnet",
      "provider": "provider[\"registry.terraform.io/hashicorp/azurerm\"]",
      "instances": [
        {
          "schema_version": 0,
          "attributes": {
            "address_space": [
              "10.0.0.0/16"
            ],
            "bgp_community": "",
            "ddos_protection_plan": [],
            "dns_servers": [],
            "edge_zone": "",
            "encryption": [],
            "flow_timeout_in_minutes": 0,
            "guid": "70a60fdb-eae3-4e09-8972-09488357a114",
            "id": "/subscriptions/57a2c3fe-d94d-4fff-aa04-2aa96318bbf7/resourceGroups/Terraform-RG/providers/Microsoft.Network/virtualNetworks/Terraform-VNet",
            "location": "eastus",
            "name": "Terraform-VNet",
            "resource_group_name": "Terraform-RG",
            "subnet": [
              {
                "address_prefix": "10.0.1.0/24",
                "id": "/subscriptions/57a2c3fe-d94d-4fff-aa04-2aa96318bbf7/resourceGroups/Terraform-RG/providers/Microsoft.Network/virtualNetworks/Terraform-VNet/subnets/VM-Subnet",
                "name": "VM-Subnet",
                "security_group": "/subscriptions/57a2c3fe-d94d-4fff-aa04-2aa96318bbf7/resourceGroups/Terraform-RG/providers/Microsoft.Network/networkSecurityGroups/VM-NSG"
              },
              {
                "address_prefix": "10.0.2.0/24",
                "id": "/subscriptions/57a2c3fe-d94d-4fff-aa04-2aa96318bbf7/resourceGroups/Terraform-RG/providers/Microsoft.Network/virtualNetworks/Terraform-VNet/subnets/DB-Subnet",
                "name": "DB-Subnet",
                "security_group": "/subscriptions/57a2c3fe-d94d-4fff-aa04-2aa96318bbf7/resourceGroups/Terraform-RG/providers/Microsoft.Network/networkSecurityGroups/DB-NSG"
              }
            ],
            "tags": {},
            "timeouts": null
          },
          "sensitive_attributes": [],
          "private": "eyJlMmJmYjczMC1lY2FhLTExZTYtOGY4OC0zNDM2M2JjN2M0YzAiOnsiY3JlYXRlIjoxODAwMDAwMDAwMDAwLCJkZWxldGUiOjE4MDAwMDAwMDAwMDAsInJlYWQiOjMwMDAwMDAwMDAwMCwidXBkYXRlIjoxODAwMDAwMDAwMDAwfX0=",
          "dependencies": [
            "azurerm_resource_group.rg"
          ]
        }
      ]
    },
    {
      "mode": "managed",
      "type": "random_string",
      "name": "suffix",
      "provider": "provider[\"registry.terraform.io/hashicorp/random\"]",
      "instances": [
        {
          "schema_version": 2,
          "attributes": {
            "id": "g4moxe",
            "keepers": null,
            "length": 6,
            "lower": true,
            "min_lower": 0,
            "min_numeric": 0,
            "min_special": 0,
            "min_upper": 0,
            "number": true,
            "numeric": true,
            "override_special": null,
            "result": "g4moxe",
            "special": false,
            "upper": false
          },
          "sensitive_attributes": []
        }
      ]
    }
  ],
  "check_results": null
}
